
Microsoft Visual Studio Solution File, Format Version 12.00
# Visual Studio Version 16
VisualStudioVersion = 16.0.31410.357
MinimumVisualStudioVersion = 10.0.40219.1
Project("{FAE04EC0-301F-11D3-BF4B-00C04F79EFBC}") = "Homework_3", "Homework_3\Homework_3.csproj", "{9DA90DF0-7416-4BAE-A8FD-5511164FDFE6}"
EndProject
Global
	GlobalSection(SolutionConfigurationPlatforms) = preSolution
		Debug|Any CPU = Debug|Any CPU
		Release|Any CPU = Release|Any CPU
	EndGlobalSection
	GlobalSection(ProjectConfigurationPlatforms) = postSolution
		{9DA90DF0-7416-4BAE-A8FD-5511164FDFE6}.Debug|Any CPU.ActiveCfg = Debug|Any CPU
		{9DA90DF0-7416-4BAE-A8FD-5511164FDFE6}.Debug|Any CPU.Build.0 = Debug|Any CPU
		{9DA90DF0-7416-4BAE-A8FD-5511164FDFE6}.Release|Any CPU.ActiveCfg = Release|Any CPU
		{9DA90DF0-7416-4BAE-A8FD-5511164FDFE6}.Release|Any CPU.Build.0 = Release|Any CPU
	EndGlobalSection
	GlobalSection(SolutionProperties) = preSolution
		HideSolutionNode = FALSE
	EndGlobalSection
	GlobalSection(ExtensibilityGlobals) = postSolution
		SolutionGuid = {5F9B459E-8F08-403C-A17C-C09C4ED449F6}
	EndGlobalSection
EndGlobal
